hash: f76677fd5f6c97e34675978142792f522a205bb3d958ca037243bd04ab6a577d
updated: 2016-05-27T11:00:02.408908984+09:00
imports:
- name: github.com/mattn/go-runewidth
  version: d6bea18f789704b5f83375793155289da36a3c7f
- name: github.com/nsf/termbox-go
  version: 362329b0aa6447eadd52edd8d660ec1dff470295
devImports: []
